
Microsoft Visual Studio Solution File, Format Version 12.00
# Visual Studio 15
VisualStudioVersion = 15.0.28307.645
MinimumVisualStudioVersion = 10.0.40219.1
Project("{9A19103F-16F7-4668-BE54-9A1E7A4F7556}") = "Streams", "Streams\Streams.csproj", "{76BAED49-E71C-4F77-B74C-15D8AE48D68C}"
EndProject
Project("{9A19103F-16F7-4668-BE54-9A1E7A4F7556}") = "Line Numbers", "Line Numbers\Line Numbers.csproj", "{A5604A83-F115-43CD-82F7-43AAD9DD706E}"
EndProject
Project("{9A19103F-16F7-4668-BE54-9A1E7A4F7556}") = "Word Count", "Word Count\Word Count.csproj", "{C4AC73F2-0976-4465-94A9-94274E054D08}"
EndProject
Project("{9A19103F-16F7-4668-BE54-9A1E7A4F7556}") = "Copy Binary File", "Copy Binary File\Copy Binary File.csproj", "{763EC24D-24F7-4E51-9FC0-DDB7F5FEAC1B}"
EndProject
Project("{FAE04EC0-301F-11D3-BF4B-00C04F79EFBC}") = "Directory Traversal", "Directory Traversal\Directory Traversal.csproj", "{5EFE8E6E-2D86-4A5F-8E96-A5E35AE49445}"
EndProject
Project("{FAE04EC0-301F-11D3-BF4B-00C04F79EFBC}") = "Zip and Extract", "Zip and Extract\Zip and Extract.csproj", "{E45D0B60-A175-4478-9CD7-95CBDE5AEFC2}"
EndProject
Global
	GlobalSection(SolutionConfigurationPlatforms) = preSolution
		Debug|Any CPU = Debug|Any CPU
		Release|Any CPU = Release|Any CPU
	EndGlobalSection
	GlobalSection(ProjectConfigurationPlatforms) = postSolution
		{76BAED49-E71C-4F77-B74C-15D8AE48D68C}.Debug|Any CPU.ActiveCfg = Debug|Any CPU
		{76BAED49-E71C-4F77-B74C-15D8AE48D68C}.Debug|Any CPU.Build.0 = Debug|Any CPU
		{76BAED49-E71C-4F77-B74C-15D8AE48D68C}.Release|Any CPU.ActiveCfg = Release|Any CPU
		{76BAED49-E71C-4F77-B74C-15D8AE48D68C}.Release|Any CPU.Build.0 = Release|Any CPU
		{A5604A83-F115-43CD-82F7-43AAD9DD706E}.Debug|Any CPU.ActiveCfg = Debug|Any CPU
		{A5604A83-F115-43CD-82F7-43AAD9DD706E}.Debug|Any CPU.Build.0 = Debug|Any CPU
		{A5604A83-F115-43CD-82F7-43AAD9DD706E}.Release|Any CPU.ActiveCfg = Release|Any CPU
		{A5604A83-F115-43CD-82F7-43AAD9DD706E}.Release|Any CPU.Build.0 = Release|Any CPU
		{C4AC73F2-0976-4465-94A9-94274E054D08}.Debug|Any CPU.ActiveCfg = Debug|Any CPU
		{C4AC73F2-0976-4465-94A9-94274E054D08}.Debug|Any CPU.Build.0 = Debug|Any CPU
		{C4AC73F2-0976-4465-94A9-94274E054D08}.Release|Any CPU.ActiveCfg = Release|Any CPU
		{C4AC73F2-0976-4465-94A9-94274E054D08}.Release|Any CPU.Build.0 = Release|Any CPU
		{763EC24D-24F7-4E51-9FC0-DDB7F5FEAC1B}.Debug|Any CPU.ActiveCfg = Debug|Any CPU
		{763EC24D-24F7-4E51-9FC0-DDB7F5FEAC1B}.Debug|Any CPU.Build.0 = Debug|Any CPU
		{763EC24D-24F7-4E51-9FC0-DDB7F5FEAC1B}.Release|Any CPU.ActiveCfg = Release|Any CPU
		{763EC24D-24F7-4E51-9FC0-DDB7F5FEAC1B}.Release|Any CPU.Build.0 = Release|Any CPU
		{5EFE8E6E-2D86-4A5F-8E96-A5E35AE49445}.Debug|Any CPU.ActiveCfg = Debug|Any CPU
		{5EFE8E6E-2D86-4A5F-8E96-A5E35AE49445}.Debug|Any CPU.Build.0 = Debug|Any CPU
		{5EFE8E6E-2D86-4A5F-8E96-A5E35AE49445}.Release|Any CPU.ActiveCfg = Release|Any CPU
		{5EFE8E6E-2D86-4A5F-8E96-A5E35AE49445}.Release|Any CPU.Build.0 = Release|Any CPU
		{E45D0B60-A175-4478-9CD7-95CBDE5AEFC2}.Debug|Any CPU.ActiveCfg = Debug|Any CPU
		{E45D0B60-A175-4478-9CD7-95CBDE5AEFC2}.Debug|Any CPU.Build.0 = Debug|Any CPU
		{E45D0B60-A175-4478-9CD7-95CBDE5AEFC2}.Release|Any CPU.ActiveCfg = Release|Any CPU
		{E45D0B60-A175-4478-9CD7-95CBDE5AEFC2}.Release|Any CPU.Build.0 = Release|Any CPU
	EndGlobalSection
	GlobalSection(SolutionProperties) = preSolution
		HideSolutionNode = FALSE
	EndGlobalSection
	GlobalSection(ExtensibilityGlobals) = postSolution
		SolutionGuid = {392E8E67-E210-4506-B688-44BCC2EEE81F}
	EndGlobalSection
EndGlobal
