
Microsoft Visual Studio Solution File, Format Version 12.00
# Visual Studio 15
VisualStudioVersion = 15.0.28307.645
MinimumVisualStudioVersion = 10.0.40219.1
Project("{FAE04EC0-301F-11D3-BF4B-00C04F79EFBC}") = "Sets and Dictionaries", "Sets and Dictionaries\Sets and Dictionaries.csproj", "{5B97A956-8BDF-4598-865E-63B5154B7E99}"
EndProject
Project("{FAE04EC0-301F-11D3-BF4B-00C04F79EFBC}") = "Sets of Elements", "Sets of Elements\Sets of Elements.csproj", "{F0B69D19-FE17-4092-B12D-8239E74528B7}"
EndProject
Project("{FAE04EC0-301F-11D3-BF4B-00C04F79EFBC}") = "Periodic-Tabe", "Periodic-Tabe\Periodic-Tabe.csproj", "{5627CF6A-C2F2-411C-A95C-1E4425DA4D10}"
EndProject
Project("{FAE04EC0-301F-11D3-BF4B-00C04F79EFBC}") = "Even Times", "Even Times\Even Times.csproj", "{C2F4D4C3-BEA5-4261-A454-F5D23B37A6E4}"
EndProject
Project("{FAE04EC0-301F-11D3-BF4B-00C04F79EFBC}") = "Count Symbols", "Count Symbols\Count Symbols.csproj", "{7E099727-9F97-43E4-8790-F1D863DDFE30}"
EndProject
Project("{FAE04EC0-301F-11D3-BF4B-00C04F79EFBC}") = "Wardrobe", "Wardrobe\Wardrobe.csproj", "{F840967F-272E-4BB2-A6CE-80C1FA1EBCA3}"
EndProject
Global
	GlobalSection(SolutionConfigurationPlatforms) = preSolution
		Debug|Any CPU = Debug|Any CPU
		Release|Any CPU = Release|Any CPU
	EndGlobalSection
	GlobalSection(ProjectConfigurationPlatforms) = postSolution
		{5B97A956-8BDF-4598-865E-63B5154B7E99}.Debug|Any CPU.ActiveCfg = Debug|Any CPU
		{5B97A956-8BDF-4598-865E-63B5154B7E99}.Debug|Any CPU.Build.0 = Debug|Any CPU
		{5B97A956-8BDF-4598-865E-63B5154B7E99}.Release|Any CPU.ActiveCfg = Release|Any CPU
		{5B97A956-8BDF-4598-865E-63B5154B7E99}.Release|Any CPU.Build.0 = Release|Any CPU
		{F0B69D19-FE17-4092-B12D-8239E74528B7}.Debug|Any CPU.ActiveCfg = Debug|Any CPU
		{F0B69D19-FE17-4092-B12D-8239E74528B7}.Debug|Any CPU.Build.0 = Debug|Any CPU
		{F0B69D19-FE17-4092-B12D-8239E74528B7}.Release|Any CPU.ActiveCfg = Release|Any CPU
		{F0B69D19-FE17-4092-B12D-8239E74528B7}.Release|Any CPU.Build.0 = Release|Any CPU
		{5627CF6A-C2F2-411C-A95C-1E4425DA4D10}.Debug|Any CPU.ActiveCfg = Debug|Any CPU
		{5627CF6A-C2F2-411C-A95C-1E4425DA4D10}.Debug|Any CPU.Build.0 = Debug|Any CPU
		{5627CF6A-C2F2-411C-A95C-1E4425DA4D10}.Release|Any CPU.ActiveCfg = Release|Any CPU
		{5627CF6A-C2F2-411C-A95C-1E4425DA4D10}.Release|Any CPU.Build.0 = Release|Any CPU
		{C2F4D4C3-BEA5-4261-A454-F5D23B37A6E4}.Debug|Any CPU.ActiveCfg = Debug|Any CPU
		{C2F4D4C3-BEA5-4261-A454-F5D23B37A6E4}.Debug|Any CPU.Build.0 = Debug|Any CPU
		{C2F4D4C3-BEA5-4261-A454-F5D23B37A6E4}.Release|Any CPU.ActiveCfg = Release|Any CPU
		{C2F4D4C3-BEA5-4261-A454-F5D23B37A6E4}.Release|Any CPU.Build.0 = Release|Any CPU
		{7E099727-9F97-43E4-8790-F1D863DDFE30}.Debug|Any CPU.ActiveCfg = Debug|Any CPU
		{7E099727-9F97-43E4-8790-F1D863DDFE30}.Debug|Any CPU.Build.0 = Debug|Any CPU
		{7E099727-9F97-43E4-8790-F1D863DDFE30}.Release|Any CPU.ActiveCfg = Release|Any CPU
		{7E099727-9F97-43E4-8790-F1D863DDFE30}.Release|Any CPU.Build.0 = Release|Any CPU
		{F840967F-272E-4BB2-A6CE-80C1FA1EBCA3}.Debug|Any CPU.ActiveCfg = Debug|Any CPU
		{F840967F-272E-4BB2-A6CE-80C1FA1EBCA3}.Debug|Any CPU.Build.0 = Debug|Any CPU
		{F840967F-272E-4BB2-A6CE-80C1FA1EBCA3}.Release|Any CPU.ActiveCfg = Release|Any CPU
		{F840967F-272E-4BB2-A6CE-80C1FA1EBCA3}.Release|Any CPU.Build.0 = Release|Any CPU
	EndGlobalSection
	GlobalSection(SolutionProperties) = preSolution
		HideSolutionNode = FALSE
	EndGlobalSection
	GlobalSection(ExtensibilityGlobals) = postSolution
		SolutionGuid = {2C6C3ECF-45A7-4A3B-89F6-DEEAAE63F95E}
	EndGlobalSection
EndGlobal
